
Microsoft Visual Studio Solution File, Format Version 12.00
# Visual Studio Version 17
VisualStudioVersion = 17.5.33516.290
MinimumVisualStudioVersion = 10.0.40219.1
Project("{FAE04EC0-301F-11D3-BF4B-00C04F79EFBC}") = "Escalator", "Escalator\Escalator.csproj", "{1DA41BF7-4F37-4903-B67F-7DE02E137386}"
EndProject
Global
	GlobalSection(SolutionConfigurationPlatforms) = preSolution
		Debug|Any CPU = Debug|Any CPU
		Release|Any CPU = Release|Any CPU
	EndGlobalSection
	GlobalSection(ProjectConfigurationPlatforms) = postSolution
		{1DA41BF7-4F37-4903-B67F-7DE02E137386}.Debug|Any CPU.ActiveCfg = Debug|Any CPU
		{1DA41BF7-4F37-4903-B67F-7DE02E137386}.Debug|Any CPU.Build.0 = Debug|Any CPU
		{1DA41BF7-4F37-4903-B67F-7DE02E137386}.Release|Any CPU.ActiveCfg = Release|Any CPU
		{1DA41BF7-4F37-4903-B67F-7DE02E137386}.Release|Any CPU.Build.0 = Release|Any CPU
	EndGlobalSection
	GlobalSection(SolutionProperties) = preSolution
		HideSolutionNode = FALSE
	EndGlobalSection
	GlobalSection(ExtensibilityGlobals) = postSolution
		SolutionGuid = {1315559D-48E9-4820-AAC7-C4367885DE9E}
	EndGlobalSection
EndGlobal
